
Microsoft Visual Studio Solution File, Format Version 12.00
# Visual Studio Version 17
VisualStudioVersion = 17.2.32616.157
MinimumVisualStudioVersion = 10.0.40219.1
Project("{FAE04EC0-301F-11D3-BF4B-00C04F79EFBC}") = "AlanHesaplama", "AlanHesaplama\AlanHesaplama.csproj", "{9728E906-7F22-4449-BD47-EBAC13BD4143}"
EndProject
Global
	GlobalSection(SolutionConfigurationPlatforms) = preSolution
		Debug|Any CPU = Debug|Any CPU
		Release|Any CPU = Release|Any CPU
	EndGlobalSection
	GlobalSection(ProjectConfigurationPlatforms) = postSolution
		{9728E906-7F22-4449-BD47-EBAC13BD4143}.Debug|Any CPU.ActiveCfg = Debug|Any CPU
		{9728E906-7F22-4449-BD47-EBAC13BD4143}.Debug|Any CPU.Build.0 = Debug|Any CPU
		{9728E906-7F22-4449-BD47-EBAC13BD4143}.Release|Any CPU.ActiveCfg = Release|Any CPU
		{9728E906-7F22-4449-BD47-EBAC13BD4143}.Release|Any CPU.Build.0 = Release|Any CPU
	EndGlobalSection
	GlobalSection(SolutionProperties) = preSolution
		HideSolutionNode = FALSE
	EndGlobalSection
	GlobalSection(ExtensibilityGlobals) = postSolution
		SolutionGuid = {131A76A4-DCFB-47BC-BA6E-A02F7365D916}
	EndGlobalSection
EndGlobal
