
Microsoft Visual Studio Solution File, Format Version 12.00
# Visual Studio Version 17
VisualStudioVersion = 17.2.32616.157
MinimumVisualStudioVersion = 10.0.40219.1
Project("{FAE04EC0-301F-11D3-BF4B-00C04F79EFBC}") = "DaireCizdirme", "DaireCizdirme\DaireCizdirme.csproj", "{C8D432FE-4997-4E99-90C3-2B43C8757647}"
EndProject
Global
	GlobalSection(SolutionConfigurationPlatforms) = preSolution
		Debug|Any CPU = Debug|Any CPU
		Release|Any CPU = Release|Any CPU
	EndGlobalSection
	GlobalSection(ProjectConfigurationPlatforms) = postSolution
		{C8D432FE-4997-4E99-90C3-2B43C8757647}.Debug|Any CPU.ActiveCfg = Debug|Any CPU
		{C8D432FE-4997-4E99-90C3-2B43C8757647}.Debug|Any CPU.Build.0 = Debug|Any CPU
		{C8D432FE-4997-4E99-90C3-2B43C8757647}.Release|Any CPU.ActiveCfg = Release|Any CPU
		{C8D432FE-4997-4E99-90C3-2B43C8757647}.Release|Any CPU.Build.0 = Release|Any CPU
	EndGlobalSection
	GlobalSection(SolutionProperties) = preSolution
		HideSolutionNode = FALSE
	EndGlobalSection
	GlobalSection(ExtensibilityGlobals) = postSolution
		SolutionGuid = {3E97C8BC-CC99-4941-8858-A48DBC9D36D0}
	EndGlobalSection
EndGlobal
