
Microsoft Visual Studio Solution File, Format Version 12.00
# Visual Studio Version 17
VisualStudioVersion = 17.2.32616.157
MinimumVisualStudioVersion = 10.0.40219.1
Project("{FAE04EC0-301F-11D3-BF4B-00C04F79EFBC}") = "FibonacciOrtalamaHesaplama", "FibonacciOrtalamaHesaplama\FibonacciOrtalamaHesaplama.csproj", "{5A673EF7-8BA2-4458-ABFF-6D5476191076}"
EndProject
Global
	GlobalSection(SolutionConfigurationPlatforms) = preSolution
		Debug|Any CPU = Debug|Any CPU
		Release|Any CPU = Release|Any CPU
	EndGlobalSection
	GlobalSection(ProjectConfigurationPlatforms) = postSolution
		{5A673EF7-8BA2-4458-ABFF-6D5476191076}.Debug|Any CPU.ActiveCfg = Debug|Any CPU
		{5A673EF7-8BA2-4458-ABFF-6D5476191076}.Debug|Any CPU.Build.0 = Debug|Any CPU
		{5A673EF7-8BA2-4458-ABFF-6D5476191076}.Release|Any CPU.ActiveCfg = Release|Any CPU
		{5A673EF7-8BA2-4458-ABFF-6D5476191076}.Release|Any CPU.Build.0 = Release|Any CPU
	EndGlobalSection
	GlobalSection(SolutionProperties) = preSolution
		HideSolutionNode = FALSE
	EndGlobalSection
	GlobalSection(ExtensibilityGlobals) = postSolution
		SolutionGuid = {BDCC1389-6488-4F63-A3FF-32AD2A09B3DC}
	EndGlobalSection
EndGlobal
